
Microsoft Visual Studio Solution File, Format Version 12.00
# Visual Studio Version 16
VisualStudioVersion = 16.0.30717.126
MinimumVisualStudioVersion = 10.0.40219.1
Project("{9A19103F-16F7-4668-BE54-9A1E7A4F7556}") = "CQRSApi", "CQRSApi.csproj", "{F27BB20A-7D46-47BF-BCDD-413E8B5E3E73}"
EndProject
Global
	GlobalSection(SolutionConfigurationPlatforms) = preSolution
		Debug|Any CPU = Debug|Any CPU
		Release|Any CPU = Release|Any CPU
	EndGlobalSection
	GlobalSection(ProjectConfigurationPlatforms) = postSolution
		{F27BB20A-7D46-47BF-BCDD-413E8B5E3E73}.Debug|Any CPU.ActiveCfg = Debug|Any CPU
		{F27BB20A-7D46-47BF-BCDD-413E8B5E3E73}.Debug|Any CPU.Build.0 = Debug|Any CPU
		{F27BB20A-7D46-47BF-BCDD-413E8B5E3E73}.Release|Any CPU.ActiveCfg = Release|Any CPU
		{F27BB20A-7D46-47BF-BCDD-413E8B5E3E73}.Release|Any CPU.Build.0 = Release|Any CPU
	EndGlobalSection
	GlobalSection(SolutionProperties) = preSolution
		HideSolutionNode = FALSE
	EndGlobalSection
	GlobalSection(ExtensibilityGlobals) = postSolution
		SolutionGuid = {D726D599-A0FB-4A29-8DA1-93D5C11E031B}
	EndGlobalSection
EndGlobal
